
Microsoft Visual Studio Solution File, Format Version 12.00
# Visual Studio 15
VisualStudioVersion = 15.0.28307.168
MinimumVisualStudioVersion = 10.0.40219.1
Project("{FAE04EC0-301F-11D3-BF4B-00C04F79EFBC}") = "TestDKGIT", "TestDKGIT\TestDKGIT.csproj", "{526B8617-EE8B-4005-999F-169ABF2B5191}"
EndProject
Global
	GlobalSection(SolutionConfigurationPlatforms) = preSolution
		Debug|Any CPU = Debug|Any CPU
		Release|Any CPU = Release|Any CPU
	EndGlobalSection
	GlobalSection(ProjectConfigurationPlatforms) = postSolution
		{526B8617-EE8B-4005-999F-169ABF2B5191}.Debug|Any CPU.ActiveCfg = Debug|Any CPU
		{526B8617-EE8B-4005-999F-169ABF2B5191}.Debug|Any CPU.Build.0 = Debug|Any CPU
		{526B8617-EE8B-4005-999F-169ABF2B5191}.Release|Any CPU.ActiveCfg = Release|Any CPU
		{526B8617-EE8B-4005-999F-169ABF2B5191}.Release|Any CPU.Build.0 = Release|Any CPU
	EndGlobalSection
	GlobalSection(SolutionProperties) = preSolution
		HideSolutionNode = FALSE
	EndGlobalSection
	GlobalSection(ExtensibilityGlobals) = postSolution
		SolutionGuid = {130517FA-1473-4C91-AFE9-794B4C696C14}
	EndGlobalSection
EndGlobal
